
Microsoft Visual Studio Solution File, Format Version 12.00
# Visual Studio Version 17
VisualStudioVersion = 17.11.35222.181
MinimumVisualStudioVersion = 10.0.40219.1
Project("{FAE04EC0-301F-11D3-BF4B-00C04F79EFBC}") = "6T25_LoukaConstant_Parallelepipede", "6T25_LoukaConstant_Parallelepipede.csproj", "{7A45BB09-EACE-4C96-81A4-2B1123F4DA8D}"
EndProject
Global
	GlobalSection(SolutionConfigurationPlatforms) = preSolution
		Debug|Any CPU = Debug|Any CPU
		Release|Any CPU = Release|Any CPU
	EndGlobalSection
	GlobalSection(ProjectConfigurationPlatforms) = postSolution
		{7A45BB09-EACE-4C96-81A4-2B1123F4DA8D}.Debug|Any CPU.ActiveCfg = Debug|Any CPU
		{7A45BB09-EACE-4C96-81A4-2B1123F4DA8D}.Debug|Any CPU.Build.0 = Debug|Any CPU
		{7A45BB09-EACE-4C96-81A4-2B1123F4DA8D}.Release|Any CPU.ActiveCfg = Release|Any CPU
		{7A45BB09-EACE-4C96-81A4-2B1123F4DA8D}.Release|Any CPU.Build.0 = Release|Any CPU
	EndGlobalSection
	GlobalSection(SolutionProperties) = preSolution
		HideSolutionNode = FALSE
	EndGlobalSection
	GlobalSection(ExtensibilityGlobals) = postSolution
		SolutionGuid = {CDE6D075-245B-4755-9903-6C7641B28F7E}
	EndGlobalSection
EndGlobal
